
Microsoft Visual Studio Solution File, Format Version 12.00
# Visual Studio 2013
VisualStudioVersion = 12.0.21005.1
MinimumVisualStudioVersion = 10.0.40219.1
Project("{FAE04EC0-301F-11D3-BF4B-00C04F79EFBC}") = "a14118187", "a14118187\a14118187.csproj", "{BAD08469-E49F-490D-B922-BD0F641C7ACB}"
EndProject
Global
	GlobalSection(SolutionConfigurationPlatforms) = preSolution
		Debug|Any CPU = Debug|Any CPU
		Release|Any CPU = Release|Any CPU
	EndGlobalSection
	GlobalSection(ProjectConfigurationPlatforms) = postSolution
		{BAD08469-E49F-490D-B922-BD0F641C7ACB}.Debug|Any CPU.ActiveCfg = Debug|Any CPU
		{BAD08469-E49F-490D-B922-BD0F641C7ACB}.Debug|Any CPU.Build.0 = Debug|Any CPU
		{BAD08469-E49F-490D-B922-BD0F641C7ACB}.Release|Any CPU.ActiveCfg = Release|Any CPU
		{BAD08469-E49F-490D-B922-BD0F641C7ACB}.Release|Any CPU.Build.0 = Release|Any CPU
	EndGlobalSection
	GlobalSection(SolutionProperties) = preSolution
		HideSolutionNode = FALSE
	EndGlobalSection
EndGlobal
